
Microsoft Visual Studio Solution File, Format Version 12.00
# Visual Studio Version 17
VisualStudioVersion = 17.9.34728.123
MinimumVisualStudioVersion = 10.0.40219.1
Project("{FAE04EC0-301F-11D3-BF4B-00C04F79EFBC}") = "CsvHelperExample", "CsvHelperExample\CsvHelperExample.csproj", "{18DFC20C-06E2-4275-8D10-682C9D9B8A52}"
EndProject
Global
	GlobalSection(SolutionConfigurationPlatforms) = preSolution
		Debug|Any CPU = Debug|Any CPU
		Release|Any CPU = Release|Any CPU
	EndGlobalSection
	GlobalSection(ProjectConfigurationPlatforms) = postSolution
		{18DFC20C-06E2-4275-8D10-682C9D9B8A52}.Debug|Any CPU.ActiveCfg = Debug|Any CPU
		{18DFC20C-06E2-4275-8D10-682C9D9B8A52}.Debug|Any CPU.Build.0 = Debug|Any CPU
		{18DFC20C-06E2-4275-8D10-682C9D9B8A52}.Release|Any CPU.ActiveCfg = Release|Any CPU
		{18DFC20C-06E2-4275-8D10-682C9D9B8A52}.Release|Any CPU.Build.0 = Release|Any CPU
	EndGlobalSection
	GlobalSection(SolutionProperties) = preSolution
		HideSolutionNode = FALSE
	EndGlobalSection
	GlobalSection(ExtensibilityGlobals) = postSolution
		SolutionGuid = {BE4B2CB8-8597-45B4-9662-C436F9058359}
	EndGlobalSection
EndGlobal
